// !$*UTF8*$!
{
	archiveVersion = 1;
	classes = {
	};
	objectVersion = 46;
	objects = {

/* Begin PBXBuildFile section */
		700E30CE1E86888300C698A3 /* main2.cpp in Sources */ = {isa = PBXBuildFile; fileRef = 700E30CC1E8687F900C698A3 /* main2.cpp */; };
		70E747181E829E19000FEBED /* SDL2.framework in Frameworks */ = {isa = PBXBuildFile; fileRef = 70E747171E829E19000FEBED /* SDL2.framework */; };
		70E7471A1E829E39000FEBED /* SDL2_image.framework in Frameworks */ = {isa = PBXBuildFile; fileRef = 70E747191E829E39000FEBED /* SDL2_image.framework */; };
		70E7471C1E829E47000FEBED /* SDL2_mixer.framework in Frameworks */ = {isa = PBXBuildFile; fileRef = 70E7471B1E829E47000FEBED /* SDL2_mixer.framework */; };
		70E7471E1E829E5A000FEBED /* SDL2_net.framework in Frameworks */ = {isa = PBXBuildFile; fileRef = 70E7471D1E829E5A000FEBED /* SDL2_net.framework */; };
		70E747201E829E6A000FEBED /* SDL2_ttf.framework in Frameworks */ = {isa = PBXBuildFile; fileRef = 70E7471F1E829E6A000FEBED /* SDL2_ttf.framework */; };
		70E747221E82C04C000FEBED /* GLUT.framework in Frameworks */ = {isa = PBXBuildFile; fileRef = 70E747211E82C04C000FEBED /* GLUT.framework */; };
		70E747241E82C056000FEBED /* OpenGL.framework in Frameworks */ = {isa = PBXBuildFile; fileRef = 70E747231E82C056000FEBED /* OpenGL.framework */; };
/* End PBXBuildFile section */

/* Begin PBXCopyFilesBuildPhase section */
		70E7470A1E829DFA000FEBED /* CopyFiles */ = {
			isa = PBXCopyFilesBuildPhase;
			buildActionMask = 2147483647;
			dstPath = /usr/share/man/man1/;
			dstSubfolderSpec = 0;
			files = (
			);
			runOnlyForDeploymentPostprocessing = 1;
		};
/* End PBXCopyFilesBuildPhase section */

/* Begin PBXFileReference section */
		700E30CC1E8687F900C698A3 /* main2.cpp */ = {isa = PBXFileReference; fileEncoding = 4; lastKnownFileType = sourcecode.cpp.cpp; path = main2.cpp; sourceTree = "<group>"; };
		70E7470C1E829DFB000FEBED /* SDLPractice */ = {isa = PBXFileReference; explicitFileType = "compiled.mach-o.executable"; includeInIndex = 0; path = SDLPractice; sourceTree = BUILT_PRODUCTS_DIR; };
		70E7470F1E829DFB000FEBED /* main.cpp */ = {isa = PBXFileReference; lastKnownFileType = sourcecode.cpp.cpp; path = main.cpp; sourceTree = "<group>"; };
		70E747171E829E19000FEBED /* SDL2.framework */ = {isa = PBXFileReference; lastKnownFileType = wrapper.framework; name = SDL2.framework; path = ../../../../Library/Frameworks/SDL2.framework; sourceTree = "<group>"; };
		70E747191E829E39000FEBED /* SDL2_image.framework */ = {isa = PBXFileReference; lastKnownFileType = wrapper.framework; name = SDL2_image.framework; path = ../../../../Library/Frameworks/SDL2_image.framework; sourceTree = "<group>"; };
		70E7471B1E829E47000FEBED /* SDL2_mixer.framework */ = {isa = PBXFileReference; lastKnownFileType = wrapper.framework; name = SDL2_mixer.framework; path = ../../../../Library/Frameworks/SDL2_mixer.framework; sourceTree = "<group>"; };
		70E7471D1E829E5A000FEBED /* SDL2_net.framework */ = {isa = PBXFileReference; lastKnownFileType = wrapper.framework; name = SDL2_net.framework; path = ../../../../Library/Frameworks/SDL2_net.framework; sourceTree = "<group>"; };
		70E7471F1E829E6A000FEBED /* SDL2_ttf.framework */ = {isa = PBXFileReference; lastKnownFileType = wrapper.framework; name = SDL2_ttf.framework; path = ../../../../Library/Frameworks/SDL2_ttf.framework; sourceTree = "<group>"; };
		70E747211E82C04C000FEBED /* GLUT.framework */ = {isa = PBXFileReference; lastKnownFileType = wrapper.framework; name = GLUT.framework; path = System/Library/Frameworks/GLUT.framework; sourceTree = SDKROOT; };
		70E747231E82C056000FEBED /* OpenGL.framework */ = {isa = PBXFileReference; lastKnownFileType = wrapper.framework; name = OpenGL.framework; path = System/Library/Frameworks/OpenGL.framework; sourceTree = SDKROOT; };
/* End PBXFileReference section */

/* Begin PBXFrameworksBuildPhase section */
		70E747091E829DFA000FEBED /* Frameworks */ = {
			isa = PBXFrameworksBuildPhase;
			buildActionMask = 2147483647;
			files = (
				70E747241E82C056000FEBED /* OpenGL.framework in Frameworks */,
				70E747221E82C04C000FEBED /* GLUT.framework in Frameworks */,
				70E747181E829E19000FEBED /* SDL2.framework in Frameworks */,
				70E7471A1E829E39000FEBED /* SDL2_image.framework in Frameworks */,
				70E7471C1E829E47000FEBED /* SDL2_mixer.framework in Frameworks */,
				70E7471E1E829E5A000FEBED /* SDL2_net.framework in Frameworks */,
				70E747201E829E6A000FEBED /* SDL2_ttf.framework in Frameworks */,
			);
			runOnlyForDeploymentPostprocessing = 0;
		};
/* End PBXFrameworksBuildPhase section */

/* Begin PBXGroup section */
		70E747031E829DFA000FEBED = {
			isa = PBXGroup;
			children = (
				70E7470E1E829DFB000FEBED /* SDLPractice */,
				70E7470D1E829DFB000FEBED /* Products */,
				70E747161E829E19000FEBED /* Frameworks */,
			);
			sourceTree = "<group>";
		};
		70E7470D1E829DFB000FEBED /* Products */ = {
			isa = PBXGroup;
			children = (
				70E7470C1E829DFB000FEBED /* SDLPractice */,
			);
			name = Products;
			sourceTree = "<group>";
		};
		70E7470E1E829DFB000FEBED /* SDLPractice */ = {
			isa = PBXGroup;
			children = (
				70E7470F1E829DFB000FEBED /* main.cpp */,
				700E30CC1E8687F900C698A3 /* main2.cpp */,
			);
			path = SDLPractice;
			sourceTree = "<group>";
		};
		70E747161E829E19000FEBED /* Frameworks */ = {
			isa = PBXGroup;
			children = (
				70E747231E82C056000FEBED /* OpenGL.framework */,
				70E747211E82C04C000FEBED /* GLUT.framework */,
				70E7471F1E829E6A000FEBED /* SDL2_ttf.framework */,
				70E7471D1E829E5A000FEBED /* SDL2_net.framework */,
				70E7471B1E829E47000FEBED /* SDL2_mixer.framework */,
				70E747191E829E39000FEBED /* SDL2_image.framework */,
				70E747171E829E19000FEBED /* SDL2.framework */,
			);
			name = Frameworks;
			sourceTree = "<group>";
		};
/* End PBXGroup section */

/* Begin PBXNativeTarget section */
		70E7470B1E829DFA000FEBED /* SDLPractice */ = {
			isa = PBXNativeTarget;
			buildConfigurationList = 70E747131E829DFB000FEBED /* Build configuration list for PBXNativeTarget "SDLPractice" */;
			buildPhases = (
				70E747081E829DFA000FEBED /* Sources */,
				70E747091E829DFA000FEBED /* Frameworks */,
				70E7470A1E829DFA000FEBED /* CopyFiles */,
			);
			buildRules = (
			);
			dependencies = (
			);
			name = SDLPractice;
			productName = SDLPractice;
			productReference = 70E7470C1E829DFB000FEBED /* SDLPractice */;
			productType = "com.apple.product-type.tool";
		};
/* End PBXNativeTarget section */

/* Begin PBXProject section */
		70E747041E829DFA000FEBED /* Project object */ = {
			isa = PBXProject;
			attributes = {
				LastUpgradeCheck = 0820;
				ORGANIZATIONNAME = NoCompany;
				TargetAttributes = {
					70E7470B1E829DFA000FEBED = {
						CreatedOnToolsVersion = 8.2.1;
						ProvisioningStyle = Automatic;
					};
				};
			};
			buildConfigurationList = 70E747071E829DFA000FEBED /* Build configuration list for PBXProject "SDLPractice" */;
			compatibilityVersion = "Xcode 3.2";
			developmentRegion = English;
			hasScannedForEncodings = 0;
			knownRegions = (
				en,
			);
			mainGroup = 70E747031E829DFA000FEBED;
			productRefGroup = 70E7470D1E829DFB000FEBED /* Products */;
			projectDirPath = "";
			projectRoot = "";
			targets = (
				70E7470B1E829DFA000FEBED /* SDLPractice */,
			);
		};
/* End PBXProject section */

/* Begin PBXSourcesBuildPhase section */
		70E747081E829DFA000FEBED /* Sources */ = {
			isa = PBXSourcesBuildPhase;
			buildActionMask = 2147483647;
			files = (
				700E30CE1E86888300C698A3 /* main2.cpp in Sources */,
			);
			runOnlyForDeploymentPostprocessing = 0;
		};
/* End PBXSourcesBuildPhase section */

/* Begin XCBuildConfiguration section */
		70E747111E829DFB000FEBED /* Debug */ = {
			isa = XCBuildConfiguration;
			buildSettings = {
				ALWAYS_SEARCH_USER_PATHS = NO;
				CLANG_ANALYZER_NONNULL = YES;
				CLANG_CXX_LANGUAGE_STANDARD = "gnu++0x";
				CLANG_CXX_LIBRARY = "libc++";
				CLANG_ENABLE_MODULES = YES;
				CLANG_ENABLE_OBJC_ARC = YES;
				CLANG_WARN_BOOL_CONVERSION = YES;
				CLANG_WARN_CONSTANT_CONVERSION = YES;
				CLANG_WARN_DIRECT_OBJC_ISA_USAGE = YES_ERROR;
				CLANG_WARN_DOCUMENTATION_COMMENTS = YES;
				CLANG_WARN_EMPTY_BODY = YES;
				CLANG_WARN_ENUM_CONVERSION = YES;
				CLANG_WARN_INFINITE_RECURSION = YES;
				CLANG_WARN_INT_CONVERSION = YES;
				CLANG_WARN_OBJC_ROOT_CLASS = YES_ERROR;
				CLANG_WARN_SUSPICIOUS_MOVE = YES;
				CLANG_WARN_UNREACHABLE_CODE = YES;
				CLANG_WARN__DUPLICATE_METHOD_MATCH = YES;
				CODE_SIGN_IDENTITY = "-";
				COPY_PHASE_STRIP = NO;
				DEBUG_INFORMATION_FORMAT = dwarf;
				ENABLE_STRICT_OBJC_MSGSEND = YES;
				ENABLE_TESTABILITY = YES;
				GCC_C_LANGUAGE_STANDARD = gnu99;
				GCC_DYNAMIC_NO_PIC = NO;
				GCC_NO_COMMON_BLOCKS = YES;
				GCC_OPTIMIZATION_LEVEL = 0;
				GCC_PREPROCESSOR_DEFINITIONS = (
					"DEBUG=1",
					"$(inherited)",
				);
				GCC_WARN_64_TO_32_BIT_CONVERSION = YES;
				GCC_WARN_ABOUT_RETURN_TYPE = YES_ERROR;
				GCC_WARN_UNDECLARED_SELECTOR = YES;
				GCC_WARN_UNINITIALIZED_AUTOS = YES_AGGRESSIVE;
				GCC_WARN_UNUSED_FUNCTION = YES;
				GCC_WARN_UNUSED_VARIABLE = YES;
				MACOSX_DEPLOYMENT_TARGET = 10.12;
				MTL_ENABLE_DEBUG_INFO = YES;
				ONLY_ACTIVE_ARCH = YES;
				SDKROOT = macosx;
			};
			name = Debug;
		};
		70E747121E829DFB000FEBED /* Release */ = {
			isa = XCBuildConfiguration;
			buildSettings = {
				ALWAYS_SEARCH_USER_PATHS = NO;
				CLANG_ANALYZER_NONNULL = YES;
				CLANG_CXX_LANGUAGE_STANDARD = "gnu++0x";
				CLANG_CXX_LIBRARY = "libc++";
				CLANG_ENABLE_MODULES = YES;
				CLANG_ENABLE_OBJC_ARC = YES;
				CLANG_WARN_BOOL_CONVERSION = YES;
				CLANG_WARN_CONSTANT_CONVERSION = YES;
				CLANG_WARN_DIRECT_OBJC_ISA_USAGE = YES_ERROR;
				CLANG_WARN_DOCUMENTATION_COMMENTS = YES;
				CLANG_WARN_EMPTY_BODY = YES;
				CLANG_WARN_ENUM_CONVERSION = YES;
				CLANG_WARN_INFINITE_RECURSION = YES;
				CLANG_WARN_INT_CONVERSION = YES;
				CLANG_WARN_OBJC_ROOT_CLASS = YES_ERROR;
				CLANG_WARN_SUSPICIOUS_MOVE = YES;
				CLANG_WARN_UNREACHABLE_CODE = YES;
				CLANG_WARN__DUPLICATE_METHOD_MATCH = YES;
				CODE_SIGN_IDENTITY = "-";
				COPY_PHASE_STRIP = NO;
				DEBUG_INFORMATION_FORMAT = "dwarf-with-dsym";
				ENABLE_NS_ASSERTIONS = NO;
				ENABLE_STRICT_OBJC_MSGSEND = YES;
				GCC_C_LANGUAGE_STANDARD = gnu99;
				GCC_NO_COMMON_BLOCKS = YES;
				GCC_WARN_64_TO_32_BIT_CONVERSION = YES;
				GCC_WARN_ABOUT_RETURN_TYPE = YES_ERROR;
				GCC_WARN_UNDECLARED_SELECTOR = YES;
				GCC_WARN_UNINITIALIZED_AUTOS = YES_AGGRESSIVE;
				GCC_WARN_UNUSED_FUNCTION = YES;
				GCC_WARN_UNUSED_VARIABLE = YES;
				MACOSX_DEPLOYMENT_TARGET = 10.12;
				MTL_ENABLE_DEBUG_INFO = NO;
				SDKROOT = macosx;
			};
			name = Release;
		};
		70E747141E829DFB000FEBED /* Debug */ = {
			isa = XCBuildConfiguration;
			buildSettings = {
				FRAMEWORK_SEARCH_PATHS = (
					"$(inherited)",
					"$(LOCAL_LIBRARY_DIR)/Frameworks",
				);
				PRODUCT_NAME = "$(TARGET_NAME)";
				"USER_HEADER_SEARCH_PATHS[arch=*]" = "/Library/Frameworks/SDL2.framework/Headers /Library/Frameworks/SDL2_image.framework/Headers /Library/Frameworks/SDL2_mixer.framework/Headers /Library/Frameworks/SDL2_net.framework/Headers /Library/Frameworks/SDL2_ttf.framework/Headers";
			};
			name = Debug;
		};
		70E747151E829DFB000FEBED /* Release */ = {
			isa = XCBuildConfiguration;
			buildSettings = {
				FRAMEWORK_SEARCH_PATHS = (
					"$(inherited)",
					"$(LOCAL_LIBRARY_DIR)/Frameworks",
				);
				PRODUCT_NAME = "$(TARGET_NAME)";
				"USER_HEADER_SEARCH_PATHS[arch=*]" = "/Library/Frameworks/SDL2.framework/Headers /Library/Frameworks/SDL2_image.framework/Headers /Library/Frameworks/SDL2_mixer.framework/Headers /Library/Frameworks/SDL2_net.framework/Headers /Library/Frameworks/SDL2_ttf.framework/Headers";
			};
			name = Release;
		};
/* End XCBuildConfiguration section */

/* Begin XCConfigurationList section */
		70E747071E829DFA000FEBED /* Build configuration list for PBXProject "SDLPractice" */ = {
			isa = XCConfigurationList;
			buildConfigurations = (
				70E747111E829DFB000FEBED /* Debug */,
				70E747121E829DFB000FEBED /* Release */,
			);
			defaultConfigurationIsVisible = 0;
			defaultConfigurationName = Release;
		};
		70E747131E829DFB000FEBED /* Build configuration list for PBXNativeTarget "SDLPractice" */ = {
			isa = XCConfigurationList;
			buildConfigurations = (
				70E747141E829DFB000FEBED /* Debug */,
				70E747151E829DFB000FEBED /* Release */,
			);
			defaultConfigurationIsVisible = 0;
			defaultConfigurationName = Release;
		};
/* End XCConfigurationList section */
	};
	rootObject = 70E747041E829DFA000FEBED /* Project object */;
}
